
Microsoft Visual Studio Solution File, Format Version 12.00
# Visual Studio Version 17
VisualStudioVersion = 17.5.33414.496
MinimumVisualStudioVersion = 10.0.40219.1
Project("{FAE04EC0-301F-11D3-BF4B-00C04F79EFBC}") = "Chess_Application", "Chess_Application\Chess_Application.csproj", "{69419EC9-7FEE-4513-87FE-6217ACBEC92F}"
EndProject
Global
	GlobalSection(SolutionConfigurationPlatforms) = preSolution
		Debug|Any CPU = Debug|Any CPU
		Release|Any CPU = Release|Any CPU
	EndGlobalSection
	GlobalSection(ProjectConfigurationPlatforms) = postSolution
		{69419EC9-7FEE-4513-87FE-6217ACBEC92F}.Debug|Any CPU.ActiveCfg = Debug|Any CPU
		{69419EC9-7FEE-4513-87FE-6217ACBEC92F}.Debug|Any CPU.Build.0 = Debug|Any CPU
		{69419EC9-7FEE-4513-87FE-6217ACBEC92F}.Release|Any CPU.ActiveCfg = Release|Any CPU
		{69419EC9-7FEE-4513-87FE-6217ACBEC92F}.Release|Any CPU.Build.0 = Release|Any CPU
	EndGlobalSection
	GlobalSection(SolutionProperties) = preSolution
		HideSolutionNode = FALSE
	EndGlobalSection
	GlobalSection(ExtensibilityGlobals) = postSolution
		SolutionGuid = {E55DE2EB-EAC6-4417-B95F-E307D9F90A71}
	EndGlobalSection
EndGlobal
