
Microsoft Visual Studio Solution File, Format Version 12.00
# Visual Studio Version 17
VisualStudioVersion = 17.4.33403.182
MinimumVisualStudioVersion = 10.0.40219.1
Project("{9A19103F-16F7-4668-BE54-9A1E7A4F7556}") = "Championship_Models", "Championship_Models\Championship_Models.csproj", "{3482E42C-E188-4AF3-BE65-8B35676333B4}"
EndProject
Project("{9A19103F-16F7-4668-BE54-9A1E7A4F7556}") = "Championship_DatabaseContext", "Championship_DatabaseContext\Championship_DatabaseContext.csproj", "{D9B71B39-C36B-47EA-8D22-EDD1C1DAEAF3}"
EndProject
Project("{FAE04EC0-301F-11D3-BF4B-00C04F79EFBC}") = "Championship_Application", "Championship_Application\Championship_Application.csproj", "{5D7914E2-7EFA-48D2-ABA1-27BC5315A4A0}"
EndProject
Global
	GlobalSection(SolutionConfigurationPlatforms) = preSolution
		Debug|Any CPU = Debug|Any CPU
		Release|Any CPU = Release|Any CPU
	EndGlobalSection
	GlobalSection(ProjectConfigurationPlatforms) = postSolution
		{3482E42C-E188-4AF3-BE65-8B35676333B4}.Debug|Any CPU.ActiveCfg = Debug|Any CPU
		{3482E42C-E188-4AF3-BE65-8B35676333B4}.Debug|Any CPU.Build.0 = Debug|Any CPU
		{3482E42C-E188-4AF3-BE65-8B35676333B4}.Release|Any CPU.ActiveCfg = Release|Any CPU
		{3482E42C-E188-4AF3-BE65-8B35676333B4}.Release|Any CPU.Build.0 = Release|Any CPU
		{D9B71B39-C36B-47EA-8D22-EDD1C1DAEAF3}.Debug|Any CPU.ActiveCfg = Debug|Any CPU
		{D9B71B39-C36B-47EA-8D22-EDD1C1DAEAF3}.Debug|Any CPU.Build.0 = Debug|Any CPU
		{D9B71B39-C36B-47EA-8D22-EDD1C1DAEAF3}.Release|Any CPU.ActiveCfg = Release|Any CPU
		{D9B71B39-C36B-47EA-8D22-EDD1C1DAEAF3}.Release|Any CPU.Build.0 = Release|Any CPU
		{5D7914E2-7EFA-48D2-ABA1-27BC5315A4A0}.Debug|Any CPU.ActiveCfg = Debug|Any CPU
		{5D7914E2-7EFA-48D2-ABA1-27BC5315A4A0}.Debug|Any CPU.Build.0 = Debug|Any CPU
		{5D7914E2-7EFA-48D2-ABA1-27BC5315A4A0}.Release|Any CPU.ActiveCfg = Release|Any CPU
		{5D7914E2-7EFA-48D2-ABA1-27BC5315A4A0}.Release|Any CPU.Build.0 = Release|Any CPU
	EndGlobalSection
	GlobalSection(SolutionProperties) = preSolution
		HideSolutionNode = FALSE
	EndGlobalSection
	GlobalSection(ExtensibilityGlobals) = postSolution
		SolutionGuid = {75DA87E2-09D9-43E0-895E-74922FB86DB9}
	EndGlobalSection
EndGlobal
